
Microsoft Visual Studio Solution File, Format Version 12.00
# Visual Studio Version 16
VisualStudioVersion = 16.0.31410.357
MinimumVisualStudioVersion = 15.0.26124.0
Project("{9A19103F-16F7-4668-BE54-9A1E7A4F7556}") = "blob-storage-basics", "blob-storage-basics\blob-storage-basics.csproj", "{7C0789C5-0926-4C81-96D8-5AFFCD7C9D95}"
EndProject
Project("{9A19103F-16F7-4668-BE54-9A1E7A4F7556}") = "blob-storage-sas", "blob-storage-sas\blob-storage-sas.csproj", "{72DE3057-B9AA-44F7-A80E-4C5400C9E90A}"
EndProject
Project("{9A19103F-16F7-4668-BE54-9A1E7A4F7556}") = "app-services-keyvault", "app-service-keyvault\app-services-keyvault.csproj", "{BCB1F83C-748E-43B1-BFE7-DDF004EE2E50}"
EndProject
Project("{9A19103F-16F7-4668-BE54-9A1E7A4F7556}") = "cosmos-db-basics", "cosmos-db-basics\cosmos-db-basics.csproj", "{EDAFCFC5-FD14-4181-BDD0-10706108113A}"
EndProject
Project("{9A19103F-16F7-4668-BE54-9A1E7A4F7556}") = "function-app-blob-input", "function-app-blob-input\function-app-blob-input.csproj", "{F58303E0-DAA8-40FC-829D-F53DD2B20756}"
EndProject
Project("{9A19103F-16F7-4668-BE54-9A1E7A4F7556}") = "function-app-blob-output", "function-app-blob-output\function-app-blob-output.csproj", "{9C4C2784-955B-4FD2-8720-73BDC6DBD5F6}"
EndProject
Project("{9A19103F-16F7-4668-BE54-9A1E7A4F7556}") = "function-app-blob-trigger", "function-app-blob-trigger\function-app-blob-trigger.csproj", "{47722554-F8A8-4EDB-9ED8-A96865DC4866}"
EndProject
Project("{9A19103F-16F7-4668-BE54-9A1E7A4F7556}") = "function-app-http-trigger", "function-app-http-trigger\function-app-http-trigger.csproj", "{47A704EE-BFA4-42A5-9F52-A939A1C6CF01}"
EndProject
Project("{9A19103F-16F7-4668-BE54-9A1E7A4F7556}") = "function-app-timer-trigger", "function-app-timer-trigger\function-app-timer-trigger.csproj", "{6F966837-5685-473B-9D1F-93E452E764D1}"
EndProject
Project("{9A19103F-16F7-4668-BE54-9A1E7A4F7556}") = "servicebus-queue-send", "servicebus-queue-send\servicebus-queue-send.csproj", "{336711BA-7FF0-4E75-833A-46D8A359D790}"
EndProject
Project("{9A19103F-16F7-4668-BE54-9A1E7A4F7556}") = "servicebus-queue-receive", "servicebus-queue-receive\servicebus-queue-receive.csproj", "{CADF9FA0-7175-4119-B9CF-4F6D6F8DE9DC}"
EndProject
Project("{9A19103F-16F7-4668-BE54-9A1E7A4F7556}") = "servicebus-topic-send", "servicebus-topic-send\servicebus-topic-send.csproj", "{F8E879F4-44BF-4F03-AC47-C3D3119520FF}"
EndProject
Project("{9A19103F-16F7-4668-BE54-9A1E7A4F7556}") = "servicebus-topic-receive", "servicebus-topic-receive\servicebus-topic-receive.csproj", "{204E493D-4E9A-4CA7-B847-ECD6BF8D0D13}"
EndProject
Project("{9A19103F-16F7-4668-BE54-9A1E7A4F7556}") = "function-app-eventgrid-trigger", "function-app-eventgrid-trigger\function-app-eventgrid-trigger.csproj", "{C2899917-230D-48AC-8B1D-A1EE6559A75F}"
EndProject
Project("{9A19103F-16F7-4668-BE54-9A1E7A4F7556}") = "function-app-durable-chaining", "function-app-durable-chaining\function-app-durable-chaining.csproj", "{6C4E95B6-3AD1-4726-805F-66FD1EF9770D}"
EndProject
Project("{9A19103F-16F7-4668-BE54-9A1E7A4F7556}") = "function-app-blob-images", "function-app-blob-images\function-app-blob-images.csproj", "{DA507D7A-239F-4CAB-98F7-A77CD0F46DA2}"
EndProject
Project("{9A19103F-16F7-4668-BE54-9A1E7A4F7556}") = "function-app-servicebus-trigger", "function-app-servicebus-output\function-app-servicebus-trigger.csproj", "{AC6C3F00-B21D-49A8-AC38-66DC1CF6E270}"
EndProject
Project("{9A19103F-16F7-4668-BE54-9A1E7A4F7556}") = "function-app-cosmosdb-trigger", "function-app-cosmosdb-trigger\function-app-cosmosdb-trigger.csproj", "{F532E9BA-FDC5-4644-9389-D8B50A59D0C9}"
EndProject
Project("{9A19103F-16F7-4668-BE54-9A1E7A4F7556}") = "function-app-cosmosdb-input", "function-app-cosmosdb-input\function-app-cosmosdb-input.csproj", "{24577B60-5EEE-4438-BED3-F06056CA4A44}"
EndProject
Project("{9A19103F-16F7-4668-BE54-9A1E7A4F7556}") = "function-app-cosmosdb-output", "function-app-cosmosdb-output\function-app-cosmosdb-output.csproj", "{94A36579-F423-4351-B096-DD3A865B3A32}"
EndProject
Project("{9A19103F-16F7-4668-BE54-9A1E7A4F7556}") = "function-app-keyvault-configuration", "function-app-keyvault-configuration\function-app-keyvault-configuration.csproj", "{4B49A537-5B92-48B7-9F44-8C60924EFF38}"
EndProject
Project("{9A19103F-16F7-4668-BE54-9A1E7A4F7556}") = "function-app-keyvault-reference", "function-app-keyvault-reference\function-app-keyvault-reference.csproj", "{4E284BA9-C4BE-41AF-9CC6-5F590E2FDF96}"
EndProject
Global
	GlobalSection(SolutionConfigurationPlatforms) = preSolution
		Debug|Any CPU = Debug|Any CPU
		Debug|x64 = Debug|x64
		Debug|x86 = Debug|x86
		Release|Any CPU = Release|Any CPU
		Release|x64 = Release|x64
		Release|x86 = Release|x86
	EndGlobalSection
	GlobalSection(ProjectConfigurationPlatforms) = postSolution
		{7C0789C5-0926-4C81-96D8-5AFFCD7C9D95}.Debug|Any CPU.ActiveCfg = Debug|Any CPU
		{7C0789C5-0926-4C81-96D8-5AFFCD7C9D95}.Debug|Any CPU.Build.0 = Debug|Any CPU
		{7C0789C5-0926-4C81-96D8-5AFFCD7C9D95}.Debug|x64.ActiveCfg = Debug|Any CPU
		{7C0789C5-0926-4C81-96D8-5AFFCD7C9D95}.Debug|x64.Build.0 = Debug|Any CPU
		{7C0789C5-0926-4C81-96D8-5AFFCD7C9D95}.Debug|x86.ActiveCfg = Debug|Any CPU
		{7C0789C5-0926-4C81-96D8-5AFFCD7C9D95}.Debug|x86.Build.0 = Debug|Any CPU
		{7C0789C5-0926-4C81-96D8-5AFFCD7C9D95}.Release|Any CPU.ActiveCfg = Release|Any CPU
		{7C0789C5-0926-4C81-96D8-5AFFCD7C9D95}.Release|Any CPU.Build.0 = Release|Any CPU
		{7C0789C5-0926-4C81-96D8-5AFFCD7C9D95}.Release|x64.ActiveCfg = Release|Any CPU
		{7C0789C5-0926-4C81-96D8-5AFFCD7C9D95}.Release|x64.Build.0 = Release|Any CPU
		{7C0789C5-0926-4C81-96D8-5AFFCD7C9D95}.Release|x86.ActiveCfg = Release|Any CPU
		{7C0789C5-0926-4C81-96D8-5AFFCD7C9D95}.Release|x86.Build.0 = Release|Any CPU
		{72DE3057-B9AA-44F7-A80E-4C5400C9E90A}.Debug|Any CPU.ActiveCfg = Debug|Any CPU
		{72DE3057-B9AA-44F7-A80E-4C5400C9E90A}.Debug|Any CPU.Build.0 = Debug|Any CPU
		{72DE3057-B9AA-44F7-A80E-4C5400C9E90A}.Debug|x64.ActiveCfg = Debug|Any CPU
		{72DE3057-B9AA-44F7-A80E-4C5400C9E90A}.Debug|x64.Build.0 = Debug|Any CPU
		{72DE3057-B9AA-44F7-A80E-4C5400C9E90A}.Debug|x86.ActiveCfg = Debug|Any CPU
		{72DE3057-B9AA-44F7-A80E-4C5400C9E90A}.Debug|x86.Build.0 = Debug|Any CPU
		{72DE3057-B9AA-44F7-A80E-4C5400C9E90A}.Release|Any CPU.ActiveCfg = Release|Any CPU
		{72DE3057-B9AA-44F7-A80E-4C5400C9E90A}.Release|Any CPU.Build.0 = Release|Any CPU
		{72DE3057-B9AA-44F7-A80E-4C5400C9E90A}.Release|x64.ActiveCfg = Release|Any CPU
		{72DE3057-B9AA-44F7-A80E-4C5400C9E90A}.Release|x64.Build.0 = Release|Any CPU
		{72DE3057-B9AA-44F7-A80E-4C5400C9E90A}.Release|x86.ActiveCfg = Release|Any CPU
		{72DE3057-B9AA-44F7-A80E-4C5400C9E90A}.Release|x86.Build.0 = Release|Any CPU
		{BCB1F83C-748E-43B1-BFE7-DDF004EE2E50}.Debug|Any CPU.ActiveCfg = Debug|Any CPU
		{BCB1F83C-748E-43B1-BFE7-DDF004EE2E50}.Debug|Any CPU.Build.0 = Debug|Any CPU
		{BCB1F83C-748E-43B1-BFE7-DDF004EE2E50}.Debug|x64.ActiveCfg = Debug|Any CPU
		{BCB1F83C-748E-43B1-BFE7-DDF004EE2E50}.Debug|x64.Build.0 = Debug|Any CPU
		{BCB1F83C-748E-43B1-BFE7-DDF004EE2E50}.Debug|x86.ActiveCfg = Debug|Any CPU
		{BCB1F83C-748E-43B1-BFE7-DDF004EE2E50}.Debug|x86.Build.0 = Debug|Any CPU
		{BCB1F83C-748E-43B1-BFE7-DDF004EE2E50}.Release|Any CPU.ActiveCfg = Release|Any CPU
		{BCB1F83C-748E-43B1-BFE7-DDF004EE2E50}.Release|Any CPU.Build.0 = Release|Any CPU
		{BCB1F83C-748E-43B1-BFE7-DDF004EE2E50}.Release|x64.ActiveCfg = Release|Any CPU
		{BCB1F83C-748E-43B1-BFE7-DDF004EE2E50}.Release|x64.Build.0 = Release|Any CPU
		{BCB1F83C-748E-43B1-BFE7-DDF004EE2E50}.Release|x86.ActiveCfg = Release|Any CPU
		{BCB1F83C-748E-43B1-BFE7-DDF004EE2E50}.Release|x86.Build.0 = Release|Any CPU
		{EDAFCFC5-FD14-4181-BDD0-10706108113A}.Debug|Any CPU.ActiveCfg = Debug|Any CPU
		{EDAFCFC5-FD14-4181-BDD0-10706108113A}.Debug|Any CPU.Build.0 = Debug|Any CPU
		{EDAFCFC5-FD14-4181-BDD0-10706108113A}.Debug|x64.ActiveCfg = Debug|Any CPU
		{EDAFCFC5-FD14-4181-BDD0-10706108113A}.Debug|x64.Build.0 = Debug|Any CPU
		{EDAFCFC5-FD14-4181-BDD0-10706108113A}.Debug|x86.ActiveCfg = Debug|Any CPU
		{EDAFCFC5-FD14-4181-BDD0-10706108113A}.Debug|x86.Build.0 = Debug|Any CPU
		{EDAFCFC5-FD14-4181-BDD0-10706108113A}.Release|Any CPU.ActiveCfg = Release|Any CPU
		{EDAFCFC5-FD14-4181-BDD0-10706108113A}.Release|Any CPU.Build.0 = Release|Any CPU
		{EDAFCFC5-FD14-4181-BDD0-10706108113A}.Release|x64.ActiveCfg = Release|Any CPU
		{EDAFCFC5-FD14-4181-BDD0-10706108113A}.Release|x64.Build.0 = Release|Any CPU
		{EDAFCFC5-FD14-4181-BDD0-10706108113A}.Release|x86.ActiveCfg = Release|Any CPU
		{EDAFCFC5-FD14-4181-BDD0-10706108113A}.Release|x86.Build.0 = Release|Any CPU
		{F58303E0-DAA8-40FC-829D-F53DD2B20756}.Debug|Any CPU.ActiveCfg = Debug|Any CPU
		{F58303E0-DAA8-40FC-829D-F53DD2B20756}.Debug|Any CPU.Build.0 = Debug|Any CPU
		{F58303E0-DAA8-40FC-829D-F53DD2B20756}.Debug|x64.ActiveCfg = Debug|Any CPU
		{F58303E0-DAA8-40FC-829D-F53DD2B20756}.Debug|x64.Build.0 = Debug|Any CPU
		{F58303E0-DAA8-40FC-829D-F53DD2B20756}.Debug|x86.ActiveCfg = Debug|Any CPU
		{F58303E0-DAA8-40FC-829D-F53DD2B20756}.Debug|x86.Build.0 = Debug|Any CPU
		{F58303E0-DAA8-40FC-829D-F53DD2B20756}.Release|Any CPU.ActiveCfg = Release|Any CPU
		{F58303E0-DAA8-40FC-829D-F53DD2B20756}.Release|Any CPU.Build.0 = Release|Any CPU
		{F58303E0-DAA8-40FC-829D-F53DD2B20756}.Release|x64.ActiveCfg = Release|Any CPU
		{F58303E0-DAA8-40FC-829D-F53DD2B20756}.Release|x64.Build.0 = Release|Any CPU
		{F58303E0-DAA8-40FC-829D-F53DD2B20756}.Release|x86.ActiveCfg = Release|Any CPU
		{F58303E0-DAA8-40FC-829D-F53DD2B20756}.Release|x86.Build.0 = Release|Any CPU
		{9C4C2784-955B-4FD2-8720-73BDC6DBD5F6}.Debug|Any CPU.ActiveCfg = Debug|Any CPU
		{9C4C2784-955B-4FD2-8720-73BDC6DBD5F6}.Debug|Any CPU.Build.0 = Debug|Any CPU
		{9C4C2784-955B-4FD2-8720-73BDC6DBD5F6}.Debug|x64.ActiveCfg = Debug|Any CPU
		{9C4C2784-955B-4FD2-8720-73BDC6DBD5F6}.Debug|x64.Build.0 = Debug|Any CPU
		{9C4C2784-955B-4FD2-8720-73BDC6DBD5F6}.Debug|x86.ActiveCfg = Debug|Any CPU
		{9C4C2784-955B-4FD2-8720-73BDC6DBD5F6}.Debug|x86.Build.0 = Debug|Any CPU
		{9C4C2784-955B-4FD2-8720-73BDC6DBD5F6}.Release|Any CPU.ActiveCfg = Release|Any CPU
		{9C4C2784-955B-4FD2-8720-73BDC6DBD5F6}.Release|Any CPU.Build.0 = Release|Any CPU
		{9C4C2784-955B-4FD2-8720-73BDC6DBD5F6}.Release|x64.ActiveCfg = Release|Any CPU
		{9C4C2784-955B-4FD2-8720-73BDC6DBD5F6}.Release|x64.Build.0 = Release|Any CPU
		{9C4C2784-955B-4FD2-8720-73BDC6DBD5F6}.Release|x86.ActiveCfg = Release|Any CPU
		{9C4C2784-955B-4FD2-8720-73BDC6DBD5F6}.Release|x86.Build.0 = Release|Any CPU
		{47722554-F8A8-4EDB-9ED8-A96865DC4866}.Debug|Any CPU.ActiveCfg = Debug|Any CPU
		{47722554-F8A8-4EDB-9ED8-A96865DC4866}.Debug|Any CPU.Build.0 = Debug|Any CPU
		{47722554-F8A8-4EDB-9ED8-A96865DC4866}.Debug|x64.ActiveCfg = Debug|Any CPU
		{47722554-F8A8-4EDB-9ED8-A96865DC4866}.Debug|x64.Build.0 = Debug|Any CPU
		{47722554-F8A8-4EDB-9ED8-A96865DC4866}.Debug|x86.ActiveCfg = Debug|Any CPU
		{47722554-F8A8-4EDB-9ED8-A96865DC4866}.Debug|x86.Build.0 = Debug|Any CPU
		{47722554-F8A8-4EDB-9ED8-A96865DC4866}.Release|Any CPU.ActiveCfg = Release|Any CPU
		{47722554-F8A8-4EDB-9ED8-A96865DC4866}.Release|Any CPU.Build.0 = Release|Any CPU
		{47722554-F8A8-4EDB-9ED8-A96865DC4866}.Release|x64.ActiveCfg = Release|Any CPU
		{47722554-F8A8-4EDB-9ED8-A96865DC4866}.Release|x64.Build.0 = Release|Any CPU
		{47722554-F8A8-4EDB-9ED8-A96865DC4866}.Release|x86.ActiveCfg = Release|Any CPU
		{47722554-F8A8-4EDB-9ED8-A96865DC4866}.Release|x86.Build.0 = Release|Any CPU
		{47A704EE-BFA4-42A5-9F52-A939A1C6CF01}.Debug|Any CPU.ActiveCfg = Debug|Any CPU
		{47A704EE-BFA4-42A5-9F52-A939A1C6CF01}.Debug|Any CPU.Build.0 = Debug|Any CPU
		{47A704EE-BFA4-42A5-9F52-A939A1C6CF01}.Debug|x64.ActiveCfg = Debug|Any CPU
		{47A704EE-BFA4-42A5-9F52-A939A1C6CF01}.Debug|x64.Build.0 = Debug|Any CPU
		{47A704EE-BFA4-42A5-9F52-A939A1C6CF01}.Debug|x86.ActiveCfg = Debug|Any CPU
		{47A704EE-BFA4-42A5-9F52-A939A1C6CF01}.Debug|x86.Build.0 = Debug|Any CPU
		{47A704EE-BFA4-42A5-9F52-A939A1C6CF01}.Release|Any CPU.ActiveCfg = Release|Any CPU
		{47A704EE-BFA4-42A5-9F52-A939A1C6CF01}.Release|Any CPU.Build.0 = Release|Any CPU
		{47A704EE-BFA4-42A5-9F52-A939A1C6CF01}.Release|x64.ActiveCfg = Release|Any CPU
		{47A704EE-BFA4-42A5-9F52-A939A1C6CF01}.Release|x64.Build.0 = Release|Any CPU
		{47A704EE-BFA4-42A5-9F52-A939A1C6CF01}.Release|x86.ActiveCfg = Release|Any CPU
		{47A704EE-BFA4-42A5-9F52-A939A1C6CF01}.Release|x86.Build.0 = Release|Any CPU
		{6F966837-5685-473B-9D1F-93E452E764D1}.Debug|Any CPU.ActiveCfg = Debug|Any CPU
		{6F966837-5685-473B-9D1F-93E452E764D1}.Debug|Any CPU.Build.0 = Debug|Any CPU
		{6F966837-5685-473B-9D1F-93E452E764D1}.Debug|x64.ActiveCfg = Debug|Any CPU
		{6F966837-5685-473B-9D1F-93E452E764D1}.Debug|x64.Build.0 = Debug|Any CPU
		{6F966837-5685-473B-9D1F-93E452E764D1}.Debug|x86.ActiveCfg = Debug|Any CPU
		{6F966837-5685-473B-9D1F-93E452E764D1}.Debug|x86.Build.0 = Debug|Any CPU
		{6F966837-5685-473B-9D1F-93E452E764D1}.Release|Any CPU.ActiveCfg = Release|Any CPU
		{6F966837-5685-473B-9D1F-93E452E764D1}.Release|Any CPU.Build.0 = Release|Any CPU
		{6F966837-5685-473B-9D1F-93E452E764D1}.Release|x64.ActiveCfg = Release|Any CPU
		{6F966837-5685-473B-9D1F-93E452E764D1}.Release|x64.Build.0 = Release|Any CPU
		{6F966837-5685-473B-9D1F-93E452E764D1}.Release|x86.ActiveCfg = Release|Any CPU
		{6F966837-5685-473B-9D1F-93E452E764D1}.Release|x86.Build.0 = Release|Any CPU
		{336711BA-7FF0-4E75-833A-46D8A359D790}.Debug|Any CPU.ActiveCfg = Debug|Any CPU
		{336711BA-7FF0-4E75-833A-46D8A359D790}.Debug|Any CPU.Build.0 = Debug|Any CPU
		{336711BA-7FF0-4E75-833A-46D8A359D790}.Debug|x64.ActiveCfg = Debug|Any CPU
		{336711BA-7FF0-4E75-833A-46D8A359D790}.Debug|x64.Build.0 = Debug|Any CPU
		{336711BA-7FF0-4E75-833A-46D8A359D790}.Debug|x86.ActiveCfg = Debug|Any CPU
		{336711BA-7FF0-4E75-833A-46D8A359D790}.Debug|x86.Build.0 = Debug|Any CPU
		{336711BA-7FF0-4E75-833A-46D8A359D790}.Release|Any CPU.ActiveCfg = Release|Any CPU
		{336711BA-7FF0-4E75-833A-46D8A359D790}.Release|Any CPU.Build.0 = Release|Any CPU
		{336711BA-7FF0-4E75-833A-46D8A359D790}.Release|x64.ActiveCfg = Release|Any CPU
		{336711BA-7FF0-4E75-833A-46D8A359D790}.Release|x64.Build.0 = Release|Any CPU
		{336711BA-7FF0-4E75-833A-46D8A359D790}.Release|x86.ActiveCfg = Release|Any CPU
		{336711BA-7FF0-4E75-833A-46D8A359D790}.Release|x86.Build.0 = Release|Any CPU
		{CADF9FA0-7175-4119-B9CF-4F6D6F8DE9DC}.Debug|Any CPU.ActiveCfg = Debug|Any CPU
		{CADF9FA0-7175-4119-B9CF-4F6D6F8DE9DC}.Debug|Any CPU.Build.0 = Debug|Any CPU
		{CADF9FA0-7175-4119-B9CF-4F6D6F8DE9DC}.Debug|x64.ActiveCfg = Debug|Any CPU
		{CADF9FA0-7175-4119-B9CF-4F6D6F8DE9DC}.Debug|x64.Build.0 = Debug|Any CPU
		{CADF9FA0-7175-4119-B9CF-4F6D6F8DE9DC}.Debug|x86.ActiveCfg = Debug|Any CPU
		{CADF9FA0-7175-4119-B9CF-4F6D6F8DE9DC}.Debug|x86.Build.0 = Debug|Any CPU
		{CADF9FA0-7175-4119-B9CF-4F6D6F8DE9DC}.Release|Any CPU.ActiveCfg = Release|Any CPU
		{CADF9FA0-7175-4119-B9CF-4F6D6F8DE9DC}.Release|Any CPU.Build.0 = Release|Any CPU
		{CADF9FA0-7175-4119-B9CF-4F6D6F8DE9DC}.Release|x64.ActiveCfg = Release|Any CPU
		{CADF9FA0-7175-4119-B9CF-4F6D6F8DE9DC}.Release|x64.Build.0 = Release|Any CPU
		{CADF9FA0-7175-4119-B9CF-4F6D6F8DE9DC}.Release|x86.ActiveCfg = Release|Any CPU
		{CADF9FA0-7175-4119-B9CF-4F6D6F8DE9DC}.Release|x86.Build.0 = Release|Any CPU
		{F8E879F4-44BF-4F03-AC47-C3D3119520FF}.Debug|Any CPU.ActiveCfg = Debug|Any CPU
		{F8E879F4-44BF-4F03-AC47-C3D3119520FF}.Debug|Any CPU.Build.0 = Debug|Any CPU
		{F8E879F4-44BF-4F03-AC47-C3D3119520FF}.Debug|x64.ActiveCfg = Debug|Any CPU
		{F8E879F4-44BF-4F03-AC47-C3D3119520FF}.Debug|x64.Build.0 = Debug|Any CPU
		{F8E879F4-44BF-4F03-AC47-C3D3119520FF}.Debug|x86.ActiveCfg = Debug|Any CPU
		{F8E879F4-44BF-4F03-AC47-C3D3119520FF}.Debug|x86.Build.0 = Debug|Any CPU
		{F8E879F4-44BF-4F03-AC47-C3D3119520FF}.Release|Any CPU.ActiveCfg = Release|Any CPU
		{F8E879F4-44BF-4F03-AC47-C3D3119520FF}.Release|Any CPU.Build.0 = Release|Any CPU
		{F8E879F4-44BF-4F03-AC47-C3D3119520FF}.Release|x64.ActiveCfg = Release|Any CPU
		{F8E879F4-44BF-4F03-AC47-C3D3119520FF}.Release|x64.Build.0 = Release|Any CPU
		{F8E879F4-44BF-4F03-AC47-C3D3119520FF}.Release|x86.ActiveCfg = Release|Any CPU
		{F8E879F4-44BF-4F03-AC47-C3D3119520FF}.Release|x86.Build.0 = Release|Any CPU
		{204E493D-4E9A-4CA7-B847-ECD6BF8D0D13}.Debug|Any CPU.ActiveCfg = Debug|Any CPU
		{204E493D-4E9A-4CA7-B847-ECD6BF8D0D13}.Debug|Any CPU.Build.0 = Debug|Any CPU
		{204E493D-4E9A-4CA7-B847-ECD6BF8D0D13}.Debug|x64.ActiveCfg = Debug|Any CPU
		{204E493D-4E9A-4CA7-B847-ECD6BF8D0D13}.Debug|x64.Build.0 = Debug|Any CPU
		{204E493D-4E9A-4CA7-B847-ECD6BF8D0D13}.Debug|x86.ActiveCfg = Debug|Any CPU
		{204E493D-4E9A-4CA7-B847-ECD6BF8D0D13}.Debug|x86.Build.0 = Debug|Any CPU
		{204E493D-4E9A-4CA7-B847-ECD6BF8D0D13}.Release|Any CPU.ActiveCfg = Release|Any CPU
		{204E493D-4E9A-4CA7-B847-ECD6BF8D0D13}.Release|Any CPU.Build.0 = Release|Any CPU
		{204E493D-4E9A-4CA7-B847-ECD6BF8D0D13}.Release|x64.ActiveCfg = Release|Any CPU
		{204E493D-4E9A-4CA7-B847-ECD6BF8D0D13}.Release|x64.Build.0 = Release|Any CPU
		{204E493D-4E9A-4CA7-B847-ECD6BF8D0D13}.Release|x86.ActiveCfg = Release|Any CPU
		{204E493D-4E9A-4CA7-B847-ECD6BF8D0D13}.Release|x86.Build.0 = Release|Any CPU
		{C2899917-230D-48AC-8B1D-A1EE6559A75F}.Debug|Any CPU.ActiveCfg = Debug|Any CPU
		{C2899917-230D-48AC-8B1D-A1EE6559A75F}.Debug|Any CPU.Build.0 = Debug|Any CPU
		{C2899917-230D-48AC-8B1D-A1EE6559A75F}.Debug|x64.ActiveCfg = Debug|Any CPU
		{C2899917-230D-48AC-8B1D-A1EE6559A75F}.Debug|x64.Build.0 = Debug|Any CPU
		{C2899917-230D-48AC-8B1D-A1EE6559A75F}.Debug|x86.ActiveCfg = Debug|Any CPU
		{C2899917-230D-48AC-8B1D-A1EE6559A75F}.Debug|x86.Build.0 = Debug|Any CPU
		{C2899917-230D-48AC-8B1D-A1EE6559A75F}.Release|Any CPU.ActiveCfg = Release|Any CPU
		{C2899917-230D-48AC-8B1D-A1EE6559A75F}.Release|Any CPU.Build.0 = Release|Any CPU
		{C2899917-230D-48AC-8B1D-A1EE6559A75F}.Release|x64.ActiveCfg = Release|Any CPU
		{C2899917-230D-48AC-8B1D-A1EE6559A75F}.Release|x64.Build.0 = Release|Any CPU
		{C2899917-230D-48AC-8B1D-A1EE6559A75F}.Release|x86.ActiveCfg = Release|Any CPU
		{C2899917-230D-48AC-8B1D-A1EE6559A75F}.Release|x86.Build.0 = Release|Any CPU
		{6C4E95B6-3AD1-4726-805F-66FD1EF9770D}.Debug|Any CPU.ActiveCfg = Debug|Any CPU
		{6C4E95B6-3AD1-4726-805F-66FD1EF9770D}.Debug|Any CPU.Build.0 = Debug|Any CPU
		{6C4E95B6-3AD1-4726-805F-66FD1EF9770D}.Debug|x64.ActiveCfg = Debug|Any CPU
		{6C4E95B6-3AD1-4726-805F-66FD1EF9770D}.Debug|x64.Build.0 = Debug|Any CPU
		{6C4E95B6-3AD1-4726-805F-66FD1EF9770D}.Debug|x86.ActiveCfg = Debug|Any CPU
		{6C4E95B6-3AD1-4726-805F-66FD1EF9770D}.Debug|x86.Build.0 = Debug|Any CPU
		{6C4E95B6-3AD1-4726-805F-66FD1EF9770D}.Release|Any CPU.ActiveCfg = Release|Any CPU
		{6C4E95B6-3AD1-4726-805F-66FD1EF9770D}.Release|Any CPU.Build.0 = Release|Any CPU
		{6C4E95B6-3AD1-4726-805F-66FD1EF9770D}.Release|x64.ActiveCfg = Release|Any CPU
		{6C4E95B6-3AD1-4726-805F-66FD1EF9770D}.Release|x64.Build.0 = Release|Any CPU
		{6C4E95B6-3AD1-4726-805F-66FD1EF9770D}.Release|x86.ActiveCfg = Release|Any CPU
		{6C4E95B6-3AD1-4726-805F-66FD1EF9770D}.Release|x86.Build.0 = Release|Any CPU
		{DA507D7A-239F-4CAB-98F7-A77CD0F46DA2}.Debug|Any CPU.ActiveCfg = Debug|Any CPU
		{DA507D7A-239F-4CAB-98F7-A77CD0F46DA2}.Debug|Any CPU.Build.0 = Debug|Any CPU
		{DA507D7A-239F-4CAB-98F7-A77CD0F46DA2}.Debug|x64.ActiveCfg = Debug|Any CPU
		{DA507D7A-239F-4CAB-98F7-A77CD0F46DA2}.Debug|x64.Build.0 = Debug|Any CPU
		{DA507D7A-239F-4CAB-98F7-A77CD0F46DA2}.Debug|x86.ActiveCfg = Debug|Any CPU
		{DA507D7A-239F-4CAB-98F7-A77CD0F46DA2}.Debug|x86.Build.0 = Debug|Any CPU
		{DA507D7A-239F-4CAB-98F7-A77CD0F46DA2}.Release|Any CPU.ActiveCfg = Release|Any CPU
		{DA507D7A-239F-4CAB-98F7-A77CD0F46DA2}.Release|Any CPU.Build.0 = Release|Any CPU
		{DA507D7A-239F-4CAB-98F7-A77CD0F46DA2}.Release|x64.ActiveCfg = Release|Any CPU
		{DA507D7A-239F-4CAB-98F7-A77CD0F46DA2}.Release|x64.Build.0 = Release|Any CPU
		{DA507D7A-239F-4CAB-98F7-A77CD0F46DA2}.Release|x86.ActiveCfg = Release|Any CPU
		{DA507D7A-239F-4CAB-98F7-A77CD0F46DA2}.Release|x86.Build.0 = Release|Any CPU
		{AC6C3F00-B21D-49A8-AC38-66DC1CF6E270}.Debug|Any CPU.ActiveCfg = Debug|Any CPU
		{AC6C3F00-B21D-49A8-AC38-66DC1CF6E270}.Debug|Any CPU.Build.0 = Debug|Any CPU
		{AC6C3F00-B21D-49A8-AC38-66DC1CF6E270}.Debug|x64.ActiveCfg = Debug|Any CPU
		{AC6C3F00-B21D-49A8-AC38-66DC1CF6E270}.Debug|x64.Build.0 = Debug|Any CPU
		{AC6C3F00-B21D-49A8-AC38-66DC1CF6E270}.Debug|x86.ActiveCfg = Debug|Any CPU
		{AC6C3F00-B21D-49A8-AC38-66DC1CF6E270}.Debug|x86.Build.0 = Debug|Any CPU
		{AC6C3F00-B21D-49A8-AC38-66DC1CF6E270}.Release|Any CPU.ActiveCfg = Release|Any CPU
		{AC6C3F00-B21D-49A8-AC38-66DC1CF6E270}.Release|Any CPU.Build.0 = Release|Any CPU
		{AC6C3F00-B21D-49A8-AC38-66DC1CF6E270}.Release|x64.ActiveCfg = Release|Any CPU
		{AC6C3F00-B21D-49A8-AC38-66DC1CF6E270}.Release|x64.Build.0 = Release|Any CPU
		{AC6C3F00-B21D-49A8-AC38-66DC1CF6E270}.Release|x86.ActiveCfg = Release|Any CPU
		{AC6C3F00-B21D-49A8-AC38-66DC1CF6E270}.Release|x86.Build.0 = Release|Any CPU
		{F532E9BA-FDC5-4644-9389-D8B50A59D0C9}.Debug|Any CPU.ActiveCfg = Debug|Any CPU
		{F532E9BA-FDC5-4644-9389-D8B50A59D0C9}.Debug|Any CPU.Build.0 = Debug|Any CPU
		{F532E9BA-FDC5-4644-9389-D8B50A59D0C9}.Debug|x64.ActiveCfg = Debug|Any CPU
		{F532E9BA-FDC5-4644-9389-D8B50A59D0C9}.Debug|x64.Build.0 = Debug|Any CPU
		{F532E9BA-FDC5-4644-9389-D8B50A59D0C9}.Debug|x86.ActiveCfg = Debug|Any CPU
		{F532E9BA-FDC5-4644-9389-D8B50A59D0C9}.Debug|x86.Build.0 = Debug|Any CPU
		{F532E9BA-FDC5-4644-9389-D8B50A59D0C9}.Release|Any CPU.ActiveCfg = Release|Any CPU
		{F532E9BA-FDC5-4644-9389-D8B50A59D0C9}.Release|Any CPU.Build.0 = Release|Any CPU
		{F532E9BA-FDC5-4644-9389-D8B50A59D0C9}.Release|x64.ActiveCfg = Release|Any CPU
		{F532E9BA-FDC5-4644-9389-D8B50A59D0C9}.Release|x64.Build.0 = Release|Any CPU
		{F532E9BA-FDC5-4644-9389-D8B50A59D0C9}.Release|x86.ActiveCfg = Release|Any CPU
		{F532E9BA-FDC5-4644-9389-D8B50A59D0C9}.Release|x86.Build.0 = Release|Any CPU
		{24577B60-5EEE-4438-BED3-F06056CA4A44}.Debug|Any CPU.ActiveCfg = Debug|Any CPU
		{24577B60-5EEE-4438-BED3-F06056CA4A44}.Debug|Any CPU.Build.0 = Debug|Any CPU
		{24577B60-5EEE-4438-BED3-F06056CA4A44}.Debug|x64.ActiveCfg = Debug|Any CPU
		{24577B60-5EEE-4438-BED3-F06056CA4A44}.Debug|x64.Build.0 = Debug|Any CPU
		{24577B60-5EEE-4438-BED3-F06056CA4A44}.Debug|x86.ActiveCfg = Debug|Any CPU
		{24577B60-5EEE-4438-BED3-F06056CA4A44}.Debug|x86.Build.0 = Debug|Any CPU
		{24577B60-5EEE-4438-BED3-F06056CA4A44}.Release|Any CPU.ActiveCfg = Release|Any CPU
		{24577B60-5EEE-4438-BED3-F06056CA4A44}.Release|Any CPU.Build.0 = Release|Any CPU
		{24577B60-5EEE-4438-BED3-F06056CA4A44}.Release|x64.ActiveCfg = Release|Any CPU
		{24577B60-5EEE-4438-BED3-F06056CA4A44}.Release|x64.Build.0 = Release|Any CPU
		{24577B60-5EEE-4438-BED3-F06056CA4A44}.Release|x86.ActiveCfg = Release|Any CPU
		{24577B60-5EEE-4438-BED3-F06056CA4A44}.Release|x86.Build.0 = Release|Any CPU
		{94A36579-F423-4351-B096-DD3A865B3A32}.Debug|Any CPU.ActiveCfg = Debug|Any CPU
		{94A36579-F423-4351-B096-DD3A865B3A32}.Debug|Any CPU.Build.0 = Debug|Any CPU
		{94A36579-F423-4351-B096-DD3A865B3A32}.Debug|x64.ActiveCfg = Debug|Any CPU
		{94A36579-F423-4351-B096-DD3A865B3A32}.Debug|x64.Build.0 = Debug|Any CPU
		{94A36579-F423-4351-B096-DD3A865B3A32}.Debug|x86.ActiveCfg = Debug|Any CPU
		{94A36579-F423-4351-B096-DD3A865B3A32}.Debug|x86.Build.0 = Debug|Any CPU
		{94A36579-F423-4351-B096-DD3A865B3A32}.Release|Any CPU.ActiveCfg = Release|Any CPU
		{94A36579-F423-4351-B096-DD3A865B3A32}.Release|Any CPU.Build.0 = Release|Any CPU
		{94A36579-F423-4351-B096-DD3A865B3A32}.Release|x64.ActiveCfg = Release|Any CPU
		{94A36579-F423-4351-B096-DD3A865B3A32}.Release|x64.Build.0 = Release|Any CPU
		{94A36579-F423-4351-B096-DD3A865B3A32}.Release|x86.ActiveCfg = Release|Any CPU
		{94A36579-F423-4351-B096-DD3A865B3A32}.Release|x86.Build.0 = Release|Any CPU
		{4B49A537-5B92-48B7-9F44-8C60924EFF38}.Debug|Any CPU.ActiveCfg = Debug|Any CPU
		{4B49A537-5B92-48B7-9F44-8C60924EFF38}.Debug|Any CPU.Build.0 = Debug|Any CPU
		{4B49A537-5B92-48B7-9F44-8C60924EFF38}.Debug|x64.ActiveCfg = Debug|Any CPU
		{4B49A537-5B92-48B7-9F44-8C60924EFF38}.Debug|x64.Build.0 = Debug|Any CPU
		{4B49A537-5B92-48B7-9F44-8C60924EFF38}.Debug|x86.ActiveCfg = Debug|Any CPU
		{4B49A537-5B92-48B7-9F44-8C60924EFF38}.Debug|x86.Build.0 = Debug|Any CPU
		{4B49A537-5B92-48B7-9F44-8C60924EFF38}.Release|Any CPU.ActiveCfg = Release|Any CPU
		{4B49A537-5B92-48B7-9F44-8C60924EFF38}.Release|Any CPU.Build.0 = Release|Any CPU
		{4B49A537-5B92-48B7-9F44-8C60924EFF38}.Release|x64.ActiveCfg = Release|Any CPU
		{4B49A537-5B92-48B7-9F44-8C60924EFF38}.Release|x64.Build.0 = Release|Any CPU
		{4B49A537-5B92-48B7-9F44-8C60924EFF38}.Release|x86.ActiveCfg = Release|Any CPU
		{4B49A537-5B92-48B7-9F44-8C60924EFF38}.Release|x86.Build.0 = Release|Any CPU
		{4E284BA9-C4BE-41AF-9CC6-5F590E2FDF96}.Debug|Any CPU.ActiveCfg = Debug|Any CPU
		{4E284BA9-C4BE-41AF-9CC6-5F590E2FDF96}.Debug|Any CPU.Build.0 = Debug|Any CPU
		{4E284BA9-C4BE-41AF-9CC6-5F590E2FDF96}.Debug|x64.ActiveCfg = Debug|Any CPU
		{4E284BA9-C4BE-41AF-9CC6-5F590E2FDF96}.Debug|x64.Build.0 = Debug|Any CPU
		{4E284BA9-C4BE-41AF-9CC6-5F590E2FDF96}.Debug|x86.ActiveCfg = Debug|Any CPU
		{4E284BA9-C4BE-41AF-9CC6-5F590E2FDF96}.Debug|x86.Build.0 = Debug|Any CPU
		{4E284BA9-C4BE-41AF-9CC6-5F590E2FDF96}.Release|Any CPU.ActiveCfg = Release|Any CPU
		{4E284BA9-C4BE-41AF-9CC6-5F590E2FDF96}.Release|Any CPU.Build.0 = Release|Any CPU
		{4E284BA9-C4BE-41AF-9CC6-5F590E2FDF96}.Release|x64.ActiveCfg = Release|Any CPU
		{4E284BA9-C4BE-41AF-9CC6-5F590E2FDF96}.Release|x64.Build.0 = Release|Any CPU
		{4E284BA9-C4BE-41AF-9CC6-5F590E2FDF96}.Release|x86.ActiveCfg = Release|Any CPU
		{4E284BA9-C4BE-41AF-9CC6-5F590E2FDF96}.Release|x86.Build.0 = Release|Any CPU
	EndGlobalSection
	GlobalSection(SolutionProperties) = preSolution
		HideSolutionNode = FALSE
	EndGlobalSection
	GlobalSection(ExtensibilityGlobals) = postSolution
		SolutionGuid = {43925645-D4AB-4D79-A745-8EDCC041EB6B}
	EndGlobalSection
EndGlobal
